PODS:
  - Flutter (1.0.0)
  - flutter_pay (0.0.1):
    - Flutter

DEPENDENCIES:
  - Flutter (from `Flutter`)
  - flutter_pay (from `.symlinks/plugins/flutter_pay/ios`)

EXTERNAL SOURCES:
  Flutter:
    :path: Flutter
  flutter_pay:
    :path: ".symlinks/plugins/flutter_pay/ios"

SPEC CHECKSUMS:
  Flutter: 434fef37c0980e73bb6479ef766c45957d4b510c
  flutter_pay: b9fda1c5be6ddc7af769f26553e9c648fc551263

PODFILE CHECKSUM: aafe91acc616949ddb318b77800a7f51bffa2a4c

COCOAPODS: 1.10.0
